
Microsoft Visual Studio Solution File, Format Version 12.00
# Visual Studio Version 17
VisualStudioVersion = 17.4.33213.308
MinimumVisualStudioVersion = 10.0.40219.1
Project("{FAE04EC0-301F-11D3-BF4B-00C04F79EFBC}") = "Excel Parser", "Excel Parser\Excel Parser.csproj", "{1F5DEA49-1F7F-4F94-8F4E-BEFBBE20BDCC}"
EndProject
Global
	GlobalSection(SolutionConfigurationPlatforms) = preSolution
		Debug|Any CPU = Debug|Any CPU
		Release|Any CPU = Release|Any CPU
	EndGlobalSection
	GlobalSection(ProjectConfigurationPlatforms) = postSolution
		{1F5DEA49-1F7F-4F94-8F4E-BEFBBE20BDCC}.Debug|Any CPU.ActiveCfg = Debug|Any CPU
		{1F5DEA49-1F7F-4F94-8F4E-BEFBBE20BDCC}.Debug|Any CPU.Build.0 = Debug|Any CPU
		{1F5DEA49-1F7F-4F94-8F4E-BEFBBE20BDCC}.Release|Any CPU.ActiveCfg = Release|Any CPU
		{1F5DEA49-1F7F-4F94-8F4E-BEFBBE20BDCC}.Release|Any CPU.Build.0 = Release|Any CPU
	EndGlobalSection
	GlobalSection(SolutionProperties) = preSolution
		HideSolutionNode = FALSE
	EndGlobalSection
	GlobalSection(ExtensibilityGlobals) = postSolution
		SolutionGuid = {B6F7698B-9E05-4A23-97D4-6BCFF83DAD16}
	EndGlobalSection
EndGlobal
